
Microsoft Visual Studio Solution File, Format Version 12.00
# Visual Studio Version 17
VisualStudioVersion = 17.11.35327.3
MinimumVisualStudioVersion = 10.0.40219.1
Project("{FAE04EC0-301F-11D3-BF4B-00C04F79EFBC}") = "ConsoleApp3", "ConsoleApp3\ConsoleApp3.csproj", "{EAA74255-A383-4046-AF8D-6A7F24481E43}"
EndProject
Global
	GlobalSection(SolutionConfigurationPlatforms) = preSolution
		Debug|Any CPU = Debug|Any CPU
		Release|Any CPU = Release|Any CPU
	EndGlobalSection
	GlobalSection(ProjectConfigurationPlatforms) = postSolution
		{EAA74255-A383-4046-AF8D-6A7F24481E43}.Debug|Any CPU.ActiveCfg = Debug|Any CPU
		{EAA74255-A383-4046-AF8D-6A7F24481E43}.Debug|Any CPU.Build.0 = Debug|Any CPU
		{EAA74255-A383-4046-AF8D-6A7F24481E43}.Release|Any CPU.ActiveCfg = Release|Any CPU
		{EAA74255-A383-4046-AF8D-6A7F24481E43}.Release|Any CPU.Build.0 = Release|Any CPU
	EndGlobalSection
	GlobalSection(SolutionProperties) = preSolution
		HideSolutionNode = FALSE
	EndGlobalSection
	GlobalSection(ExtensibilityGlobals) = postSolution
		SolutionGuid = {7D962661-50A0-497B-9404-434EC4C8610E}
	EndGlobalSection
EndGlobal
